{
  "name": "before-after-lambda",
  "version": "1.0.0",
  "lockfileVersion": 1,
  "requires": true,
  "dependencies": {
    "@types/node": {
      "version": "17.0.15",
      "resolved": "https://registry.npmjs.org/@types/node/-/node-17.0.15.tgz",
      "integrity": "sha512-zWt4SDDv1S9WRBNxLFxFRHxdD9tvH8f5/kg5/IaLFdnSNXsDY4eL3Q3XXN+VxUnWIhyVFDwcsmAprvwXoM/ClA==",
      "dev": true
    },
    "axios": {
      "version": "0.25.0",
      "requires": {
        "follow-redirects": "^1.14.7"
      }
    },
    "follow-redirects": {
      "version": "1.14.7",
      "resolved": "https://registry.npmjs.org/follow-redirects/-/follow-redirects-1.14.7.tgz",
      "integrity": "sha512-+hbxoLbFMbRKDwohX8GkTataGqO6Jb7jGwpAlwgy2bIz25XtRm7KEzJM76R1WiNT5SwZkX4Y75SwBolkpmE7iQ=="
    },
    "typescript": {
      "version": "4.5.5"
    }
  }
}
